// !$*UTF8*$!
{
	archiveVersion = 1;
	classes = {
	};
	objectVersion = 50;
	objects = {

/* Begin PBXBuildFile section */
		3A9D2F6C2090387A00DD73D8 /* CompositionController.swift in Sources */ = {isa = PBXBuildFile; fileRef = 3A9D2F6B2090387A00DD73D8 /* CompositionController.swift */; };
		3AC9EB05207BE7630072AB16 /* UIKit.framework in Frameworks */ = {isa = PBXBuildFile; fileRef = 3AC9EB04207BE7630072AB16 /* UIKit.framework */; };
		3AC9EB07207BE76A0072AB16 /* Photos.framework in Frameworks */ = {isa = PBXBuildFile; fileRef = 3AC9EB06207BE76A0072AB16 /* Photos.framework */; };
		3AC9EB09207BE7810072AB16 /* AVFoundation.framework in Frameworks */ = {isa = PBXBuildFile; fileRef = 3AC9EB08207BE7810072AB16 /* AVFoundation.framework */; };
		3AD81CC2207BB47200857422 /* AppDelegate.swift in Sources */ = {isa = PBXBuildFile; fileRef = 3AD81CC1207BB47200857422 /* AppDelegate.swift */; };
		3AD81CC7207BB47200857422 /* Main.storyboard in Resources */ = {isa = PBXBuildFile; fileRef = 3AD81CC5207BB47200857422 /* Main.storyboard */; };
		3AD81CCA207BB47200857422 /* PerfectPic.xcdatamodeld in Sources */ = {isa = PBXBuildFile; fileRef = 3AD81CC8207BB47200857422 /* PerfectPic.xcdatamodeld */; };
		3AD81CCC207BB47400857422 /* Assets.xcassets in Resources */ = {isa = PBXBuildFile; fileRef = 3AD81CCB207BB47400857422 /* Assets.xcassets */; };
		3AD81CCF207BB47400857422 /* LaunchScreen.storyboard in Resources */ = {isa = PBXBuildFile; fileRef = 3AD81CCD207BB47400857422 /* LaunchScreen.storyboard */; };
		3AD81CD7207BB4F400857422 /* CameraViewController.swift in Sources */ = {isa = PBXBuildFile; fileRef = 3AD81CD6207BB4F400857422 /* CameraViewController.swift */; };
		3AD81CD9207BB51600857422 /* PhotoViewController.swift in Sources */ = {isa = PBXBuildFile; fileRef = 3AD81CD8207BB51600857422 /* PhotoViewController.swift */; };
		3AD81CDB207BB52500857422 /* SettingsViewController.swift in Sources */ = {isa = PBXBuildFile; fileRef = 3AD81CDA207BB52500857422 /* SettingsViewController.swift */; };
		3AD81CDD207BC4FF00857422 /* CameraController.swift in Sources */ = {isa = PBXBuildFile; fileRef = 3AD81CDC207BC4FF00857422 /* CameraController.swift */; };
/* End PBXBuildFile section */

/* Begin PBXFileReference section */
		3A9D2F6B2090387A00DD73D8 /* CompositionController.swift */ = {isa = PBXFileReference; lastKnownFileType = sourcecode.swift; path = CompositionController.swift; sourceTree = "<group>"; };
		3AC9EB04207BE7630072AB16 /* UIKit.framework */ = {isa = PBXFileReference; lastKnownFileType = wrapper.framework; name = UIKit.framework; path = System/Library/Frameworks/UIKit.framework; sourceTree = SDKROOT; };
		3AC9EB06207BE76A0072AB16 /* Photos.framework */ = {isa = PBXFileReference; lastKnownFileType = wrapper.framework; name = Photos.framework; path = System/Library/Frameworks/Photos.framework; sourceTree = SDKROOT; };
		3AC9EB08207BE7810072AB16 /* AVFoundation.framework */ = {isa = PBXFileReference; lastKnownFileType = wrapper.framework; name = AVFoundation.framework; path = System/Library/Frameworks/AVFoundation.framework; sourceTree = SDKROOT; };
		3AD81CC1207BB47200857422 /* AppDelegate.swift */ = {isa = PBXFileReference; lastKnownFileType = sourcecode.swift; path = AppDelegate.swift; sourceTree = "<group>"; };
		3AD81CC6207BB47200857422 /* Base */ = {isa = PBXFileReference; lastKnownFileType = file.storyboard; name = Base; path = Base.lproj/Main.storyboard; sourceTree = "<group>"; };
		3AD81CC9207BB47200857422 /* PerfectPic.xcdatamodel */ = {isa = PBXFileReference; lastKnownFileType = wrapper.xcdatamodel; path = PerfectPic.xcdatamodel; sourceTree = "<group>"; };
		3AD81CCB207BB47400857422 /* Assets.xcassets */ = {isa = PBXFileReference; lastKnownFileType = folder.assetcatalog; path = Assets.xcassets; sourceTree = "<group>"; };
		3AD81CCE207BB47400857422 /* Base */ = {isa = PBXFileReference; lastKnownFileType = file.storyboard; name = Base; path = Base.lproj/LaunchScreen.storyboard; sourceTree = "<group>"; };
		3AD81CD0207BB47400857422 /* Info.plist */ = {isa = PBXFileReference; lastKnownFileType = text.plist.xml; path = Info.plist; sourceTree = "<group>"; };
		3AD81CD6207BB4F400857422 /* CameraViewController.swift */ = {isa = PBXFileReference; lastKnownFileType = sourcecode.swift; path = CameraViewController.swift; sourceTree = "<group>"; };
		3AD81CD8207BB51600857422 /* PhotoViewController.swift */ = {isa = PBXFileReference; lastKnownFileType = sourcecode.swift; path = PhotoViewController.swift; sourceTree = "<group>"; };
		3AD81CDA207BB52500857422 /* SettingsViewController.swift */ = {isa = PBXFileReference; lastKnownFileType = sourcecode.swift; path = SettingsViewController.swift; sourceTree = "<group>"; };
		3AD81CDC207BC4FF00857422 /* CameraController.swift */ = {isa = PBXFileReference; lastKnownFileType = sourcecode.swift; path = CameraController.swift; sourceTree = "<group>"; };
		3AD81CDF207BE58500857422 /* PerfectPic.app */ = {isa = PBXFileReference; explicitFileType = wrapper.application; includeInIndex = 0; path = PerfectPic.app; sourceTree = BUILT_PRODUCTS_DIR; };
/* End PBXFileReference section */

/* Begin PBXFrameworksBuildPhase section */
		3AD81CBB207BB47100857422 /* Frameworks */ = {
			isa = PBXFrameworksBuildPhase;
			buildActionMask = 2147483647;
			files = (
				3AC9EB09207BE7810072AB16 /* AVFoundation.framework in Frameworks */,
				3AC9EB07207BE76A0072AB16 /* Photos.framework in Frameworks */,
				3AC9EB05207BE7630072AB16 /* UIKit.framework in Frameworks */,
			);
			runOnlyForDeploymentPostprocessing = 0;
		};
/* End PBXFrameworksBuildPhase section */

/* Begin PBXGroup section */
		3AC9EB03207BE7620072AB16 /* Frameworks */ = {
			isa = PBXGroup;
			children = (
				3AC9EB08207BE7810072AB16 /* AVFoundation.framework */,
				3AC9EB06207BE76A0072AB16 /* Photos.framework */,
				3AC9EB04207BE7630072AB16 /* UIKit.framework */,
			);
			name = Frameworks;
			sourceTree = "<group>";
		};
		3AD81CB5207BB47100857422 = {
			isa = PBXGroup;
			children = (
				3AD81CC0207BB47200857422 /* PerfectPic */,
				3AD81CDF207BE58500857422 /* PerfectPic.app */,
				3AC9EB03207BE7620072AB16 /* Frameworks */,
			);
			sourceTree = "<group>";
		};
		3AD81CC0207BB47200857422 /* PerfectPic */ = {
			isa = PBXGroup;
			children = (
				3AD81CC1207BB47200857422 /* AppDelegate.swift */,
				3AD81CC5207BB47200857422 /* Main.storyboard */,
				3AD81CCB207BB47400857422 /* Assets.xcassets */,
				3AD81CCD207BB47400857422 /* LaunchScreen.storyboard */,
				3AD81CD0207BB47400857422 /* Info.plist */,
				3AD81CC8207BB47200857422 /* PerfectPic.xcdatamodeld */,
				3AD81CD6207BB4F400857422 /* CameraViewController.swift */,
				3AD81CDC207BC4FF00857422 /* CameraController.swift */,
				3AD81CD8207BB51600857422 /* PhotoViewController.swift */,
				3AD81CDA207BB52500857422 /* SettingsViewController.swift */,
				3A9D2F6B2090387A00DD73D8 /* CompositionController.swift */,
			);
			path = PerfectPic;
			sourceTree = "<group>";
		};
/* End PBXGroup section */

/* Begin PBXNativeTarget section */
		3AD81CBD207BB47100857422 /* PerfectPic */ = {
			isa = PBXNativeTarget;
			buildConfigurationList = 3AD81CD3207BB47400857422 /* Build configuration list for PBXNativeTarget "PerfectPic" */;
			buildPhases = (
				3AD81CBA207BB47100857422 /* Sources */,
				3AD81CBB207BB47100857422 /* Frameworks */,
				3AD81CBC207BB47100857422 /* Resources */,
			);
			buildRules = (
			);
			dependencies = (
			);
			name = PerfectPic;
			productName = PerfectPic;
			productReference = 3AD81CDF207BE58500857422 /* PerfectPic.app */;
			productType = "com.apple.product-type.application";
		};
/* End PBXNativeTarget section */

/* Begin PBXProject section */
		3AD81CB6207BB47100857422 /* Project object */ = {
			isa = PBXProject;
			attributes = {
				LastSwiftUpdateCheck = 0930;
				LastUpgradeCheck = 0930;
				ORGANIZATIONNAME = JonathanLigh;
				TargetAttributes = {
					3AD81CBD207BB47100857422 = {
						CreatedOnToolsVersion = 9.3;
					};
				};
			};
			buildConfigurationList = 3AD81CB9207BB47100857422 /* Build configuration list for PBXProject "PerfectPic" */;
			compatibilityVersion = "Xcode 9.3";
			developmentRegion = en;
			hasScannedForEncodings = 0;
			knownRegions = (
				en,
				Base,
			);
			mainGroup = 3AD81CB5207BB47100857422;
			productRefGroup = 3AD81CB5207BB47100857422;
			projectDirPath = "";
			projectRoot = "";
			targets = (
				3AD81CBD207BB47100857422 /* PerfectPic */,
			);
		};
/* End PBXProject section */

/* Begin PBXResourcesBuildPhase section */
		3AD81CBC207BB47100857422 /* Resources */ = {
			isa = PBXResourcesBuildPhase;
			buildActionMask = 2147483647;
			files = (
				3AD81CCF207BB47400857422 /* LaunchScreen.storyboard in Resources */,
				3AD81CCC207BB47400857422 /* Assets.xcassets in Resources */,
				3AD81CC7207BB47200857422 /* Main.storyboard in Resources */,
			);
			runOnlyForDeploymentPostprocessing = 0;
		};
/* End PBXResourcesBuildPhase section */

/* Begin PBXSourcesBuildPhase section */
		3AD81CBA207BB47100857422 /* Sources */ = {
			isa = PBXSourcesBuildPhase;
			buildActionMask = 2147483647;
			files = (
				3AD81CDD207BC4FF00857422 /* CameraController.swift in Sources */,
				3AD81CCA207BB47200857422 /* PerfectPic.xcdatamodeld in Sources */,
				3AD81CD7207BB4F400857422 /* CameraViewController.swift in Sources */,
				3A9D2F6C2090387A00DD73D8 /* CompositionController.swift in Sources */,
				3AD81CC2207BB47200857422 /* AppDelegate.swift in Sources */,
				3AD81CD9207BB51600857422 /* PhotoViewController.swift in Sources */,
				3AD81CDB207BB52500857422 /* SettingsViewController.swift in Sources */,
			);
			runOnlyForDeploymentPostprocessing = 0;
		};
/* End PBXSourcesBuildPhase section */

/* Begin PBXVariantGroup section */
		3AD81CC5207BB47200857422 /* Main.storyboard */ = {
			isa = PBXVariantGroup;
			children = (
				3AD81CC6207BB47200857422 /* Base */,
			);
			name = Main.storyboard;
			sourceTree = "<group>";
		};
		3AD81CCD207BB47400857422 /* LaunchScreen.storyboard */ = {
			isa = PBXVariantGroup;
			children = (
				3AD81CCE207BB47400857422 /* Base */,
			);
			name = LaunchScreen.storyboard;
			sourceTree = "<group>";
		};
/* End PBXVariantGroup section */

/* Begin XCBuildConfiguration section */
		3AD81CD1207BB47400857422 /* Debug */ = {
			isa = XCBuildConfiguration;
			buildSettings = {
				ALWAYS_SEARCH_USER_PATHS = NO;
				CLANG_ANALYZER_NONNULL = YES;
				CLANG_ANALYZER_NUMBER_OBJECT_CONVERSION = YES_AGGRESSIVE;
				CLANG_CXX_LANGUAGE_STANDARD = "gnu++14";
				CLANG_CXX_LIBRARY = "libc++";
				CLANG_ENABLE_MODULES = YES;
				CLANG_ENABLE_OBJC_ARC = YES;
				CLANG_ENABLE_OBJC_WEAK = YES;
				CLANG_WARN_BLOCK_CAPTURE_AUTORELEASING = YES;
				CLANG_WARN_BOOL_CONVERSION = YES;
				CLANG_WARN_COMMA = YES;
				CLANG_WARN_CONSTANT_CONVERSION = YES;
				CLANG_WARN_DEPRECATED_OBJC_IMPLEMENTATIONS = YES;
				CLANG_WARN_DIRECT_OBJC_ISA_USAGE = YES_ERROR;
				CLANG_WARN_DOCUMENTATION_COMMENTS = YES;
				CLANG_WARN_EMPTY_BODY = YES;
				CLANG_WARN_ENUM_CONVERSION = YES;
				CLANG_WARN_INFINITE_RECURSION = YES;
				CLANG_WARN_INT_CONVERSION = YES;
				CLANG_WARN_NON_LITERAL_NULL_CONVERSION = YES;
				CLANG_WARN_OBJC_IMPLICIT_RETAIN_SELF = YES;
				CLANG_WARN_OBJC_LITERAL_CONVERSION = YES;
				CLANG_WARN_OBJC_ROOT_CLASS = YES_ERROR;
				CLANG_WARN_RANGE_LOOP_ANALYSIS = YES;
				CLANG_WARN_STRICT_PROTOTYPES = YES;
				CLANG_WARN_SUSPICIOUS_MOVE = YES;
				CLANG_WARN_UNGUARDED_AVAILABILITY = YES_AGGRESSIVE;
				CLANG_WARN_UNREACHABLE_CODE = YES;
				CLANG_WARN__DUPLICATE_METHOD_MATCH = YES;
				CODE_SIGN_IDENTITY = "iPhone Developer";
				COPY_PHASE_STRIP = NO;
				DEBUG_INFORMATION_FORMAT = dwarf;
				ENABLE_STRICT_OBJC_MSGSEND = YES;
				ENABLE_TESTABILITY = YES;
				GCC_C_LANGUAGE_STANDARD = gnu11;
				GCC_DYNAMIC_NO_PIC = NO;
				GCC_NO_COMMON_BLOCKS = YES;
				GCC_OPTIMIZATION_LEVEL = 0;
				GCC_PREPROCESSOR_DEFINITIONS = (
					"DEBUG=1",
					"$(inherited)",
				);
				GCC_WARN_64_TO_32_BIT_CONVERSION = YES;
				GCC_WARN_ABOUT_RETURN_TYPE = YES_ERROR;
				GCC_WARN_UNDECLARED_SELECTOR = YES;
				GCC_WARN_UNINITIALIZED_AUTOS = YES_AGGRESSIVE;
				GCC_WARN_UNUSED_FUNCTION = YES;
				GCC_WARN_UNUSED_VARIABLE = YES;
				IPHONEOS_DEPLOYMENT_TARGET = 11.3;
				MTL_ENABLE_DEBUG_INFO = YES;
				ONLY_ACTIVE_ARCH = YES;
				SDKROOT = iphoneos;
				SWIFT_ACTIVE_COMPILATION_CONDITIONS = DEBUG;
				SWIFT_OPTIMIZATION_LEVEL = "-Onone";
			};
			name = Debug;
		};
		3AD81CD2207BB47400857422 /* Release */ = {
			isa = XCBuildConfiguration;
			buildSettings = {
				ALWAYS_SEARCH_USER_PATHS = NO;
				CLANG_ANALYZER_NONNULL = YES;
				CLANG_ANALYZER_NUMBER_OBJECT_CONVERSION = YES_AGGRESSIVE;
				CLANG_CXX_LANGUAGE_STANDARD = "gnu++14";
				CLANG_CXX_LIBRARY = "libc++";
				CLANG_ENABLE_MODULES = YES;
				CLANG_ENABLE_OBJC_ARC = YES;
				CLANG_ENABLE_OBJC_WEAK = YES;
				CLANG_WARN_BLOCK_CAPTURE_AUTORELEASING = YES;
				CLANG_WARN_BOOL_CONVERSION = YES;
				CLANG_WARN_COMMA = YES;
				CLANG_WARN_CONSTANT_CONVERSION = YES;
				CLANG_WARN_DEPRECATED_OBJC_IMPLEMENTATIONS = YES;
				CLANG_WARN_DIRECT_OBJC_ISA_USAGE = YES_ERROR;
				CLANG_WARN_DOCUMENTATION_COMMENTS = YES;
				CLANG_WARN_EMPTY_BODY = YES;
				CLANG_WARN_ENUM_CONVERSION = YES;
				CLANG_WARN_INFINITE_RECURSION = YES;
				CLANG_WARN_INT_CONVERSION = YES;
				CLANG_WARN_NON_LITERAL_NULL_CONVERSION = YES;
				CLANG_WARN_OBJC_IMPLICIT_RETAIN_SELF = YES;
				CLANG_WARN_OBJC_LITERAL_CONVERSION = YES;
				CLANG_WARN_OBJC_ROOT_CLASS = YES_ERROR;
				CLANG_WARN_RANGE_LOOP_ANALYSIS = YES;
				CLANG_WARN_STRICT_PROTOTYPES = YES;
				CLANG_WARN_SUSPICIOUS_MOVE = YES;
				CLANG_WARN_UNGUARDED_AVAILABILITY = YES_AGGRESSIVE;
				CLANG_WARN_UNREACHABLE_CODE = YES;
				CLANG_WARN__DUPLICATE_METHOD_MATCH = YES;
				CODE_SIGN_IDENTITY = "iPhone Developer";
				COPY_PHASE_STRIP = NO;
				DEBUG_INFORMATION_FORMAT = "dwarf-with-dsym";
				ENABLE_NS_ASSERTIONS = NO;
				ENABLE_STRICT_OBJC_MSGSEND = YES;
				GCC_C_LANGUAGE_STANDARD = gnu11;
				GCC_NO_COMMON_BLOCKS = YES;
				GCC_WARN_64_TO_32_BIT_CONVERSION = YES;
				GCC_WARN_ABOUT_RETURN_TYPE = YES_ERROR;
				GCC_WARN_UNDECLARED_SELECTOR = YES;
				GCC_WARN_UNINITIALIZED_AUTOS = YES_AGGRESSIVE;
				GCC_WARN_UNUSED_FUNCTION = YES;
				GCC_WARN_UNUSED_VARIABLE = YES;
				IPHONEOS_DEPLOYMENT_TARGET = 11.3;
				MTL_ENABLE_DEBUG_INFO = NO;
				SDKROOT = iphoneos;
				SWIFT_COMPILATION_MODE = wholemodule;
				SWIFT_OPTIMIZATION_LEVEL = "-O";
				VALIDATE_PRODUCT = YES;
			};
			name = Release;
		};
		3AD81CD4207BB47400857422 /* Debug */ = {
			isa = XCBuildConfiguration;
			buildSettings = {
				ASSETCATALOG_COMPILER_APPICON_NAME = AppIcon;
				CODE_SIGN_STYLE = Automatic;
				DEVELOPMENT_TEAM = F6WTCFM4HX;
				INFOPLIST_FILE = PerfectPic/Info.plist;
				LD_RUNPATH_SEARCH_PATHS = (
					"$(inherited)",
					"@executable_path/Frameworks",
				);
				PRODUCT_BUNDLE_IDENTIFIER = Jligh.AutoAperture;
				PRODUCT_NAME = "$(TARGET_NAME)";
				SWIFT_VERSION = 4.0;
				TARGETED_DEVICE_FAMILY = "1,2";
			};
			name = Debug;
		};
		3AD81CD5207BB47400857422 /* Release */ = {
			isa = XCBuildConfiguration;
			buildSettings = {
				ASSETCATALOG_COMPILER_APPICON_NAME = AppIcon;
				CODE_SIGN_STYLE = Automatic;
				DEVELOPMENT_TEAM = F6WTCFM4HX;
				INFOPLIST_FILE = PerfectPic/Info.plist;
				LD_RUNPATH_SEARCH_PATHS = (
					"$(inherited)",
					"@executable_path/Frameworks",
				);
				PRODUCT_BUNDLE_IDENTIFIER = Jligh.AutoAperture;
				PRODUCT_NAME = "$(TARGET_NAME)";
				SWIFT_VERSION = 4.0;
				TARGETED_DEVICE_FAMILY = "1,2";
			};
			name = Release;
		};
/* End XCBuildConfiguration section */

/* Begin XCConfigurationList section */
		3AD81CB9207BB47100857422 /* Build configuration list for PBXProject "PerfectPic" */ = {
			isa = XCConfigurationList;
			buildConfigurations = (
				3AD81CD1207BB47400857422 /* Debug */,
				3AD81CD2207BB47400857422 /* Release */,
			);
			defaultConfigurationIsVisible = 0;
			defaultConfigurationName = Release;
		};
		3AD81CD3207BB47400857422 /* Build configuration list for PBXNativeTarget "PerfectPic" */ = {
			isa = XCConfigurationList;
			buildConfigurations = (
				3AD81CD4207BB47400857422 /* Debug */,
				3AD81CD5207BB47400857422 /* Release */,
			);
			defaultConfigurationIsVisible = 0;
			defaultConfigurationName = Release;
		};
/* End XCConfigurationList section */

/* Begin XCVersionGroup section */
		3AD81CC8207BB47200857422 /* PerfectPic.xcdatamodeld */ = {
			isa = XCVersionGroup;
			children = (
				3AD81CC9207BB47200857422 /* PerfectPic.xcdatamodel */,
			);
			currentVersion = 3AD81CC9207BB47200857422 /* PerfectPic.xcdatamodel */;
			path = PerfectPic.xcdatamodeld;
			sourceTree = "<group>";
			versionGroupType = wrapper.xcdatamodel;
		};
/* End XCVersionGroup section */
	};
	rootObject = 3AD81CB6207BB47100857422 /* Project object */;
}
